
Microsoft Visual Studio Solution File, Format Version 12.00
# Visual Studio 2012
Project("{FAE04EC0-301F-11D3-BF4B-00C04F79EFBC}") = "EvidenciaU2", "EvidenciaU2\EvidenciaU2.csproj", "{7B6F6FD6-9730-4106-BAAE-B2866F1810C4}"
EndProject
Global
	GlobalSection(SolutionConfigurationPlatforms) = preSolution
		Debug|x86 = Debug|x86
		Release|x86 = Release|x86
	EndGlobalSection
	GlobalSection(ProjectConfigurationPlatforms) = postSolution
		{7B6F6FD6-9730-4106-BAAE-B2866F1810C4}.Debug|x86.ActiveCfg = Debug|x86
		{7B6F6FD6-9730-4106-BAAE-B2866F1810C4}.Debug|x86.Build.0 = Debug|x86
		{7B6F6FD6-9730-4106-BAAE-B2866F1810C4}.Release|x86.ActiveCfg = Release|x86
		{7B6F6FD6-9730-4106-BAAE-B2866F1810C4}.Release|x86.Build.0 = Release|x86
	EndGlobalSection
EndGlobal
